
Microsoft Visual Studio Solution File, Format Version 12.00
# Visual Studio Version 17
VisualStudioVersion = 17.0.31903.59
MinimumVisualStudioVersion = 10.0.40219.1
Project("{2150E333-8FDC-42A3-9474-1A3956D46DE8}") = "src", "src", "{827E0CD3-B72D-47B6-A68D-7590B98EB39B}"
EndProject
Project("{FAE04EC0-301F-11D3-BF4B-00C04F79EFBC}") = "Gba.Core", "src\Gba.Core\Gba.Core.csproj", "{267CBE54-BBA6-4963-AC50-350246F5DDFF}"
EndProject
Project("{FAE04EC0-301F-11D3-BF4B-00C04F79EFBC}") = "Gba.Web", "src\Gba.Web\Gba.Web.csproj", "{1D8B6E74-8EC0-46C0-B4D4-4754DC721B03}"
EndProject
Project("{2150E333-8FDC-42A3-9474-1A3956D46DE8}") = "tests", "tests", "{0AB3BF05-4346-4AA6-1389-037BE0695223}"
EndProject
Project("{FAE04EC0-301F-11D3-BF4B-00C04F79EFBC}") = "Gba.Core.Tests", "tests\Gba.Core.Tests\Gba.Core.Tests.csproj", "{BDAE85E0-80F5-4C5A-8EE7-2899600D5191}"
EndProject
Global
	GlobalSection(SolutionConfigurationPlatforms) = preSolution
		Debug|Any CPU = Debug|Any CPU
		Debug|x64 = Debug|x64
		Debug|x86 = Debug|x86
		Release|Any CPU = Release|Any CPU
		Release|x64 = Release|x64
		Release|x86 = Release|x86
	EndGlobalSection
	GlobalSection(ProjectConfigurationPlatforms) = postSolution
		{267CBE54-BBA6-4963-AC50-350246F5DDFF}.Debug|Any CPU.ActiveCfg = Debug|Any CPU
		{267CBE54-BBA6-4963-AC50-350246F5DDFF}.Debug|Any CPU.Build.0 = Debug|Any CPU
		{267CBE54-BBA6-4963-AC50-350246F5DDFF}.Debug|x64.ActiveCfg = Debug|Any CPU
		{267CBE54-BBA6-4963-AC50-350246F5DDFF}.Debug|x64.Build.0 = Debug|Any CPU
		{267CBE54-BBA6-4963-AC50-350246F5DDFF}.Debug|x86.ActiveCfg = Debug|Any CPU
		{267CBE54-BBA6-4963-AC50-350246F5DDFF}.Debug|x86.Build.0 = Debug|Any CPU
		{267CBE54-BBA6-4963-AC50-350246F5DDFF}.Release|Any CPU.ActiveCfg = Release|Any CPU
		{267CBE54-BBA6-4963-AC50-350246F5DDFF}.Release|Any CPU.Build.0 = Release|Any CPU
		{267CBE54-BBA6-4963-AC50-350246F5DDFF}.Release|x64.ActiveCfg = Release|Any CPU
		{267CBE54-BBA6-4963-AC50-350246F5DDFF}.Release|x64.Build.0 = Release|Any CPU
		{267CBE54-BBA6-4963-AC50-350246F5DDFF}.Release|x86.ActiveCfg = Release|Any CPU
		{267CBE54-BBA6-4963-AC50-350246F5DDFF}.Release|x86.Build.0 = Release|Any CPU
		{1D8B6E74-8EC0-46C0-B4D4-4754DC721B03}.Debug|Any CPU.ActiveCfg = Debug|Any CPU
		{1D8B6E74-8EC0-46C0-B4D4-4754DC721B03}.Debug|Any CPU.Build.0 = Debug|Any CPU
		{1D8B6E74-8EC0-46C0-B4D4-4754DC721B03}.Debug|x64.ActiveCfg = Debug|Any CPU
		{1D8B6E74-8EC0-46C0-B4D4-4754DC721B03}.Debug|x64.Build.0 = Debug|Any CPU
		{1D8B6E74-8EC0-46C0-B4D4-4754DC721B03}.Debug|x86.ActiveCfg = Debug|Any CPU
		{1D8B6E74-8EC0-46C0-B4D4-4754DC721B03}.Debug|x86.Build.0 = Debug|Any CPU
		{1D8B6E74-8EC0-46C0-B4D4-4754DC721B03}.Release|Any CPU.ActiveCfg = Release|Any CPU
		{1D8B6E74-8EC0-46C0-B4D4-4754DC721B03}.Release|Any CPU.Build.0 = Release|Any CPU
		{1D8B6E74-8EC0-46C0-B4D4-4754DC721B03}.Release|x64.ActiveCfg = Release|Any CPU
		{1D8B6E74-8EC0-46C0-B4D4-4754DC721B03}.Release|x64.Build.0 = Release|Any CPU
		{1D8B6E74-8EC0-46C0-B4D4-4754DC721B03}.Release|x86.ActiveCfg = Release|Any CPU
		{1D8B6E74-8EC0-46C0-B4D4-4754DC721B03}.Release|x86.Build.0 = Release|Any CPU
		{BDAE85E0-80F5-4C5A-8EE7-2899600D5191}.Debug|Any CPU.ActiveCfg = Debug|Any CPU
		{BDAE85E0-80F5-4C5A-8EE7-2899600D5191}.Debug|Any CPU.Build.0 = Debug|Any CPU
		{BDAE85E0-80F5-4C5A-8EE7-2899600D5191}.Debug|x64.ActiveCfg = Debug|Any CPU
		{BDAE85E0-80F5-4C5A-8EE7-2899600D5191}.Debug|x64.Build.0 = Debug|Any CPU
		{BDAE85E0-80F5-4C5A-8EE7-2899600D5191}.Debug|x86.ActiveCfg = Debug|Any CPU
		{BDAE85E0-80F5-4C5A-8EE7-2899600D5191}.Debug|x86.Build.0 = Debug|Any CPU
		{BDAE85E0-80F5-4C5A-8EE7-2899600D5191}.Release|Any CPU.ActiveCfg = Release|Any CPU
		{BDAE85E0-80F5-4C5A-8EE7-2899600D5191}.Release|Any CPU.Build.0 = Release|Any CPU
		{BDAE85E0-80F5-4C5A-8EE7-2899600D5191}.Release|x64.ActiveCfg = Release|Any CPU
		{BDAE85E0-80F5-4C5A-8EE7-2899600D5191}.Release|x64.Build.0 = Release|Any CPU
		{BDAE85E0-80F5-4C5A-8EE7-2899600D5191}.Release|x86.ActiveCfg = Release|Any CPU
		{BDAE85E0-80F5-4C5A-8EE7-2899600D5191}.Release|x86.Build.0 = Release|Any CPU
	EndGlobalSection
	GlobalSection(SolutionProperties) = preSolution
		HideSolutionNode = FALSE
	EndGlobalSection
	GlobalSection(NestedProjects) = preSolution
		{267CBE54-BBA6-4963-AC50-350246F5DDFF} = {827E0CD3-B72D-47B6-A68D-7590B98EB39B}
		{1D8B6E74-8EC0-46C0-B4D4-4754DC721B03} = {827E0CD3-B72D-47B6-A68D-7590B98EB39B}
		{BDAE85E0-80F5-4C5A-8EE7-2899600D5191} = {0AB3BF05-4346-4AA6-1389-037BE0695223}
	EndGlobalSection
EndGlobal
